
Microsoft Visual Studio Solution File, Format Version 12.00
# Visual Studio 15
VisualStudioVersion = 15.0.26403.7
MinimumVisualStudioVersion = 10.0.40219.1
Project("{2150E333-8FDC-42A3-9474-1A3956D46DE8}") = "1", "1", "{736AA0AE-31CD-4B9F-983F-9A4514823B5C}"
EndProject
Project("{2150E333-8FDC-42A3-9474-1A3956D46DE8}") = "2", "2", "{CD473692-57ED-4274-8F26-9E405E4CB257}"
EndProject
Project("{8BC9CEB8-8B4A-11D0-8D11-00A0C91BC942}") = "Client2", "2\Client2\Client2.vcxproj", "{72CD9C4C-279F-4D37-92A4-E0325EAD59EE}"
EndProject
Project("{8BC9CEB8-8B4A-11D0-8D11-00A0C91BC942}") = "Server2", "2\Server2\Server2.vcxproj", "{C30A7281-0457-45DC-BB4F-5C301A029F3A}"
EndProject
Project("{8BC9CEB8-8B4A-11D0-8D11-00A0C91BC942}") = "Sever1", "1\Sever1\Sever1.vcxproj", "{6B083F62-1B03-4576-BBFF-DE69D7101A32}"
EndProject
Project("{8BC9CEB8-8B4A-11D0-8D11-00A0C91BC942}") = "Client1", "1\Client1\Client1.vcxproj", "{A322DC0C-85FE-4A5D-9A1B-B9B657CD8847}"
EndProject
Project("{2150E333-8FDC-42A3-9474-1A3956D46DE8}") = "3", "3", "{0F40A919-D44E-4FED-949C-4CA1E8021109}"
EndProject
Project("{2150E333-8FDC-42A3-9474-1A3956D46DE8}") = "4", "4", "{F8C21E71-1800-4CD9-B58E-09008A04E71C}"
EndProject
Project("{8BC9CEB8-8B4A-11D0-8D11-00A0C91BC942}") = "FtpSever", "4\FtpSever\FtpSever.vcxproj", "{CE48E8D1-22C4-44EB-BA09-1B8BCDDADE32}"
EndProject
Project("{8BC9CEB8-8B4A-11D0-8D11-00A0C91BC942}") = "FtpClient", "4\FtpClient\FtpClient.vcxproj", "{F10E7488-ECAD-4529-A110-A673D4C7EFD9}"
EndProject
Project("{8BC9CEB8-8B4A-11D0-8D11-00A0C91BC942}") = "Raw_socket", "Raw_socket\Raw_socket.vcxproj", "{B2BD0F5C-32D6-404F-A327-1794C37950D8}"
EndProject
Global
	GlobalSection(SolutionConfigurationPlatforms) = preSolution
		Debug|x64 = Debug|x64
		Debug|x86 = Debug|x86
		Release|x64 = Release|x64
		Release|x86 = Release|x86
	EndGlobalSection
	GlobalSection(ProjectConfigurationPlatforms) = postSolution
		{72CD9C4C-279F-4D37-92A4-E0325EAD59EE}.Debug|x64.ActiveCfg = Debug|x64
		{72CD9C4C-279F-4D37-92A4-E0325EAD59EE}.Debug|x64.Build.0 = Debug|x64
		{72CD9C4C-279F-4D37-92A4-E0325EAD59EE}.Debug|x86.ActiveCfg = Debug|Win32
		{72CD9C4C-279F-4D37-92A4-E0325EAD59EE}.Debug|x86.Build.0 = Debug|Win32
		{72CD9C4C-279F-4D37-92A4-E0325EAD59EE}.Release|x64.ActiveCfg = Release|x64
		{72CD9C4C-279F-4D37-92A4-E0325EAD59EE}.Release|x64.Build.0 = Release|x64
		{72CD9C4C-279F-4D37-92A4-E0325EAD59EE}.Release|x86.ActiveCfg = Release|Win32
		{72CD9C4C-279F-4D37-92A4-E0325EAD59EE}.Release|x86.Build.0 = Release|Win32
		{C30A7281-0457-45DC-BB4F-5C301A029F3A}.Debug|x64.ActiveCfg = Debug|x64
		{C30A7281-0457-45DC-BB4F-5C301A029F3A}.Debug|x64.Build.0 = Debug|x64
		{C30A7281-0457-45DC-BB4F-5C301A029F3A}.Debug|x86.ActiveCfg = Debug|Win32
		{C30A7281-0457-45DC-BB4F-5C301A029F3A}.Debug|x86.Build.0 = Debug|Win32
		{C30A7281-0457-45DC-BB4F-5C301A029F3A}.Release|x64.ActiveCfg = Release|x64
		{C30A7281-0457-45DC-BB4F-5C301A029F3A}.Release|x64.Build.0 = Release|x64
		{C30A7281-0457-45DC-BB4F-5C301A029F3A}.Release|x86.ActiveCfg = Release|Win32
		{C30A7281-0457-45DC-BB4F-5C301A029F3A}.Release|x86.Build.0 = Release|Win32
		{6B083F62-1B03-4576-BBFF-DE69D7101A32}.Debug|x64.ActiveCfg = Debug|x64
		{6B083F62-1B03-4576-BBFF-DE69D7101A32}.Debug|x64.Build.0 = Debug|x64
		{6B083F62-1B03-4576-BBFF-DE69D7101A32}.Debug|x86.ActiveCfg = Debug|Win32
		{6B083F62-1B03-4576-BBFF-DE69D7101A32}.Debug|x86.Build.0 = Debug|Win32
		{6B083F62-1B03-4576-BBFF-DE69D7101A32}.Release|x64.ActiveCfg = Release|x64
		{6B083F62-1B03-4576-BBFF-DE69D7101A32}.Release|x64.Build.0 = Release|x64
		{6B083F62-1B03-4576-BBFF-DE69D7101A32}.Release|x86.ActiveCfg = Release|Win32
		{6B083F62-1B03-4576-BBFF-DE69D7101A32}.Release|x86.Build.0 = Release|Win32
		{A322DC0C-85FE-4A5D-9A1B-B9B657CD8847}.Debug|x64.ActiveCfg = Debug|x64
		{A322DC0C-85FE-4A5D-9A1B-B9B657CD8847}.Debug|x64.Build.0 = Debug|x64
		{A322DC0C-85FE-4A5D-9A1B-B9B657CD8847}.Debug|x86.ActiveCfg = Debug|Win32
		{A322DC0C-85FE-4A5D-9A1B-B9B657CD8847}.Debug|x86.Build.0 = Debug|Win32
		{A322DC0C-85FE-4A5D-9A1B-B9B657CD8847}.Release|x64.ActiveCfg = Release|x64
		{A322DC0C-85FE-4A5D-9A1B-B9B657CD8847}.Release|x64.Build.0 = Release|x64
		{A322DC0C-85FE-4A5D-9A1B-B9B657CD8847}.Release|x86.ActiveCfg = Release|Win32
		{A322DC0C-85FE-4A5D-9A1B-B9B657CD8847}.Release|x86.Build.0 = Release|Win32
		{CE48E8D1-22C4-44EB-BA09-1B8BCDDADE32}.Debug|x64.ActiveCfg = Debug|x64
		{CE48E8D1-22C4-44EB-BA09-1B8BCDDADE32}.Debug|x64.Build.0 = Debug|x64
		{CE48E8D1-22C4-44EB-BA09-1B8BCDDADE32}.Debug|x86.ActiveCfg = Debug|Win32
		{CE48E8D1-22C4-44EB-BA09-1B8BCDDADE32}.Debug|x86.Build.0 = Debug|Win32
		{CE48E8D1-22C4-44EB-BA09-1B8BCDDADE32}.Release|x64.ActiveCfg = Release|x64
		{CE48E8D1-22C4-44EB-BA09-1B8BCDDADE32}.Release|x64.Build.0 = Release|x64
		{CE48E8D1-22C4-44EB-BA09-1B8BCDDADE32}.Release|x86.ActiveCfg = Release|Win32
		{CE48E8D1-22C4-44EB-BA09-1B8BCDDADE32}.Release|x86.Build.0 = Release|Win32
		{F10E7488-ECAD-4529-A110-A673D4C7EFD9}.Debug|x64.ActiveCfg = Debug|x64
		{F10E7488-ECAD-4529-A110-A673D4C7EFD9}.Debug|x64.Build.0 = Debug|x64
		{F10E7488-ECAD-4529-A110-A673D4C7EFD9}.Debug|x86.ActiveCfg = Debug|Win32
		{F10E7488-ECAD-4529-A110-A673D4C7EFD9}.Debug|x86.Build.0 = Debug|Win32
		{F10E7488-ECAD-4529-A110-A673D4C7EFD9}.Release|x64.ActiveCfg = Release|x64
		{F10E7488-ECAD-4529-A110-A673D4C7EFD9}.Release|x64.Build.0 = Release|x64
		{F10E7488-ECAD-4529-A110-A673D4C7EFD9}.Release|x86.ActiveCfg = Release|Win32
		{F10E7488-ECAD-4529-A110-A673D4C7EFD9}.Release|x86.Build.0 = Release|Win32
		{B2BD0F5C-32D6-404F-A327-1794C37950D8}.Debug|x64.ActiveCfg = Debug|x64
		{B2BD0F5C-32D6-404F-A327-1794C37950D8}.Debug|x64.Build.0 = Debug|x64
		{B2BD0F5C-32D6-404F-A327-1794C37950D8}.Debug|x86.ActiveCfg = Debug|Win32
		{B2BD0F5C-32D6-404F-A327-1794C37950D8}.Debug|x86.Build.0 = Debug|Win32
		{B2BD0F5C-32D6-404F-A327-1794C37950D8}.Release|x64.ActiveCfg = Release|x64
		{B2BD0F5C-32D6-404F-A327-1794C37950D8}.Release|x64.Build.0 = Release|x64
		{B2BD0F5C-32D6-404F-A327-1794C37950D8}.Release|x86.ActiveCfg = Release|Win32
		{B2BD0F5C-32D6-404F-A327-1794C37950D8}.Release|x86.Build.0 = Release|Win32
	EndGlobalSection
	GlobalSection(SolutionProperties) = preSolution
		HideSolutionNode = FALSE
	EndGlobalSection
	GlobalSection(NestedProjects) = preSolution
		{72CD9C4C-279F-4D37-92A4-E0325EAD59EE} = {CD473692-57ED-4274-8F26-9E405E4CB257}
		{C30A7281-0457-45DC-BB4F-5C301A029F3A} = {CD473692-57ED-4274-8F26-9E405E4CB257}
		{6B083F62-1B03-4576-BBFF-DE69D7101A32} = {736AA0AE-31CD-4B9F-983F-9A4514823B5C}
		{A322DC0C-85FE-4A5D-9A1B-B9B657CD8847} = {736AA0AE-31CD-4B9F-983F-9A4514823B5C}
		{CE48E8D1-22C4-44EB-BA09-1B8BCDDADE32} = {F8C21E71-1800-4CD9-B58E-09008A04E71C}
		{F10E7488-ECAD-4529-A110-A673D4C7EFD9} = {F8C21E71-1800-4CD9-B58E-09008A04E71C}
		{B2BD0F5C-32D6-404F-A327-1794C37950D8} = {0F40A919-D44E-4FED-949C-4CA1E8021109}
	EndGlobalSection
	GlobalSection(ExtensibilityGlobals) = postSolution
		SolutionGuid = {E5585365-2D33-4F7E-A9AF-5C8CDC6033E8}
	EndGlobalSection
EndGlobal
